Microsoft Visual Studio Solution File, Format Version 12.00
# Visual Studio Version 17
VisualStudioVersion = 17.5.2.0
MinimumVisualStudioVersion = 10.0.40219.1
Project("{FAE04EC0-301F-11D3-BF4B-00C04F79EFBC}") = "Mahirl_Alphabets_Vowels", "Mahirl_Alphabets_Vowels\Mahirl_Alphabets_Vowels.csproj", "{CB704A38-F45F-2073-AC25-98015ADC9A49}"
EndProject
Global
	GlobalSection(SolutionConfigurationPlatforms) = preSolution
		Debug|Any CPU = Debug|Any CPU
		Release|Any CPU = Release|Any CPU
	EndGlobalSection
	GlobalSection(ProjectConfigurationPlatforms) = postSolution
		{CB704A38-F45F-2073-AC25-98015ADC9A49}.Debug|Any CPU.ActiveCfg = Debug|Any CPU
		{CB704A38-F45F-2073-AC25-98015ADC9A49}.Debug|Any CPU.Build.0 = Debug|Any CPU
		{CB704A38-F45F-2073-AC25-98015ADC9A49}.Release|Any CPU.ActiveCfg = Release|Any CPU
		{CB704A38-F45F-2073-AC25-98015ADC9A49}.Release|Any CPU.Build.0 = Release|Any CPU
	EndGlobalSection
	GlobalSection(SolutionProperties) = preSolution
		HideSolutionNode = FALSE
	EndGlobalSection
	GlobalSection(ExtensibilityGlobals) = postSolution
		SolutionGuid = {B6E04B9D-7AD7-47E2-8145-9A0692DE2B5D}
	EndGlobalSection
EndGlobal
